
Microsoft Visual Studio Solution File, Format Version 12.00
# Visual Studio Version 16
VisualStudioVersion = 16.0.31112.23
MinimumVisualStudioVersion = 10.0.40219.1
Project("{8BC9CEB8-8B4A-11D0-8D11-00A0C91BC942}") = "Platform_Detection", "Platform_Detection\Platform_Detection.vcxproj", "{35DD6A93-BA43-4930-AE4A-5F38C1920E81}"
EndProject
Global
	GlobalSection(SolutionConfigurationPlatforms) = preSolution
		Debug|x64 = Debug|x64
		Debug|x86 = Debug|x86
		Release|x64 = Release|x64
		Release|x86 = Release|x86
	EndGlobalSection
	GlobalSection(ProjectConfigurationPlatforms) = postSolution
		{35DD6A93-BA43-4930-AE4A-5F38C1920E81}.Debug|x64.ActiveCfg = Debug|x64
		{35DD6A93-BA43-4930-AE4A-5F38C1920E81}.Debug|x64.Build.0 = Debug|x64
		{35DD6A93-BA43-4930-AE4A-5F38C1920E81}.Debug|x86.ActiveCfg = Debug|Win32
		{35DD6A93-BA43-4930-AE4A-5F38C1920E81}.Debug|x86.Build.0 = Debug|Win32
		{35DD6A93-BA43-4930-AE4A-5F38C1920E81}.Release|x64.ActiveCfg = Release|x64
		{35DD6A93-BA43-4930-AE4A-5F38C1920E81}.Release|x64.Build.0 = Release|x64
		{35DD6A93-BA43-4930-AE4A-5F38C1920E81}.Release|x86.ActiveCfg = Release|Win32
		{35DD6A93-BA43-4930-AE4A-5F38C1920E81}.Release|x86.Build.0 = Release|Win32
	EndGlobalSection
	GlobalSection(SolutionProperties) = preSolution
		HideSolutionNode = FALSE
	EndGlobalSection
	GlobalSection(ExtensibilityGlobals) = postSolution
		SolutionGuid = {217BBEC0-732B-4D20-B635-9CE6B835E92C}
	EndGlobalSection
EndGlobal
